
Microsoft Visual Studio Solution File, Format Version 12.00
# Visual Studio 15
VisualStudioVersion = 15.0.26124.0
MinimumVisualStudioVersion = 15.0.26124.0
Project("{2150E333-8FDC-42A3-9474-1A3956D46DE8}") = "src", "src", "{D5BD2180-E5A1-4E30-A756-E8302158340B}"
EndProject
Project("{FAE04EC0-301F-11D3-BF4B-00C04F79EFBC}") = "GateKeeper.Api", "src\GateKeeper.Api\GateKeeper.Api.csproj", "{E71FCA3A-C195-40E2-9AF5-2319F22C9A24}"
EndProject
Project("{FAE04EC0-301F-11D3-BF4B-00C04F79EFBC}") = "GateKeeper.Data", "src\GateKeeper.Data\GateKeeper.Data.csproj", "{FC90295B-2F16-4013-AC52-078F287FCFC7}"
EndProject
Project("{FAE04EC0-301F-11D3-BF4B-00C04F79EFBC}") = "GateKeeper.Domain", "src\GateKeeper.Domain\GateKeeper.Domain.csproj", "{950AE976-82A8-4308-BFDE-1330966DFBA2}"
EndProject
Project("{2150E333-8FDC-42A3-9474-1A3956D46DE8}") = "test", "test", "{FE354059-7179-4C7E-8501-EBE04A661B1A}"
EndProject
Project("{FAE04EC0-301F-11D3-BF4B-00C04F79EFBC}") = "GateKeeper.Api.Tests", "test\GateKeeper.Api.Tests\GateKeeper.Api.Tests.csproj", "{8DABA7FB-7676-4992-85CE-8FBB64F238E8}"
EndProject
Project("{FAE04EC0-301F-11D3-BF4B-00C04F79EFBC}") = "GateKeeper.Data.Tests", "test\GateKeeper.Data.Tests\GateKeeper.Data.Tests.csproj", "{21A7DDFE-EF96-4EDD-9A29-3E8031A12EA3}"
EndProject
Project("{FAE04EC0-301F-11D3-BF4B-00C04F79EFBC}") = "GateKeeper.Domain.Tests", "test\GateKeeper.Domain.Tests\GateKeeper.Domain.Tests.csproj", "{FAF735C1-2546-4C74-85ED-B64121408A69}"
EndProject
Project("{FAE04EC0-301F-11D3-BF4B-00C04F79EFBC}") = "GateKeeper.IoC", "src\GateKeeper.IoC\GateKeeper.IoC.csproj", "{4DC7B7CE-448C-44EE-922D-5EF3D4726AF6}"
EndProject
Global
	GlobalSection(SolutionConfigurationPlatforms) = preSolution
		Debug|Any CPU = Debug|Any CPU
		Debug|x64 = Debug|x64
		Debug|x86 = Debug|x86
		Release|Any CPU = Release|Any CPU
		Release|x64 = Release|x64
		Release|x86 = Release|x86
	EndGlobalSection
	GlobalSection(SolutionProperties) = preSolution
		HideSolutionNode = FALSE
	EndGlobalSection
	GlobalSection(ProjectConfigurationPlatforms) = postSolution
		{E71FCA3A-C195-40E2-9AF5-2319F22C9A24}.Debug|Any CPU.ActiveCfg = Debug|Any CPU
		{E71FCA3A-C195-40E2-9AF5-2319F22C9A24}.Debug|Any CPU.Build.0 = Debug|Any CPU
		{E71FCA3A-C195-40E2-9AF5-2319F22C9A24}.Debug|x64.ActiveCfg = Debug|x64
		{E71FCA3A-C195-40E2-9AF5-2319F22C9A24}.Debug|x64.Build.0 = Debug|x64
		{E71FCA3A-C195-40E2-9AF5-2319F22C9A24}.Debug|x86.ActiveCfg = Debug|x86
		{E71FCA3A-C195-40E2-9AF5-2319F22C9A24}.Debug|x86.Build.0 = Debug|x86
		{E71FCA3A-C195-40E2-9AF5-2319F22C9A24}.Release|Any CPU.ActiveCfg = Release|Any CPU
		{E71FCA3A-C195-40E2-9AF5-2319F22C9A24}.Release|Any CPU.Build.0 = Release|Any CPU
		{E71FCA3A-C195-40E2-9AF5-2319F22C9A24}.Release|x64.ActiveCfg = Release|x64
		{E71FCA3A-C195-40E2-9AF5-2319F22C9A24}.Release|x64.Build.0 = Release|x64
		{E71FCA3A-C195-40E2-9AF5-2319F22C9A24}.Release|x86.ActiveCfg = Release|x86
		{E71FCA3A-C195-40E2-9AF5-2319F22C9A24}.Release|x86.Build.0 = Release|x86
		{FC90295B-2F16-4013-AC52-078F287FCFC7}.Debug|Any CPU.ActiveCfg = Debug|Any CPU
		{FC90295B-2F16-4013-AC52-078F287FCFC7}.Debug|Any CPU.Build.0 = Debug|Any CPU
		{FC90295B-2F16-4013-AC52-078F287FCFC7}.Debug|x64.ActiveCfg = Debug|x64
		{FC90295B-2F16-4013-AC52-078F287FCFC7}.Debug|x64.Build.0 = Debug|x64
		{FC90295B-2F16-4013-AC52-078F287FCFC7}.Debug|x86.ActiveCfg = Debug|x86
		{FC90295B-2F16-4013-AC52-078F287FCFC7}.Debug|x86.Build.0 = Debug|x86
		{FC90295B-2F16-4013-AC52-078F287FCFC7}.Release|Any CPU.ActiveCfg = Release|Any CPU
		{FC90295B-2F16-4013-AC52-078F287FCFC7}.Release|Any CPU.Build.0 = Release|Any CPU
		{FC90295B-2F16-4013-AC52-078F287FCFC7}.Release|x64.ActiveCfg = Release|x64
		{FC90295B-2F16-4013-AC52-078F287FCFC7}.Release|x64.Build.0 = Release|x64
		{FC90295B-2F16-4013-AC52-078F287FCFC7}.Release|x86.ActiveCfg = Release|x86
		{FC90295B-2F16-4013-AC52-078F287FCFC7}.Release|x86.Build.0 = Release|x86
		{950AE976-82A8-4308-BFDE-1330966DFBA2}.Debug|Any CPU.ActiveCfg = Debug|Any CPU
		{950AE976-82A8-4308-BFDE-1330966DFBA2}.Debug|Any CPU.Build.0 = Debug|Any CPU
		{950AE976-82A8-4308-BFDE-1330966DFBA2}.Debug|x64.ActiveCfg = Debug|x64
		{950AE976-82A8-4308-BFDE-1330966DFBA2}.Debug|x64.Build.0 = Debug|x64
		{950AE976-82A8-4308-BFDE-1330966DFBA2}.Debug|x86.ActiveCfg = Debug|x86
		{950AE976-82A8-4308-BFDE-1330966DFBA2}.Debug|x86.Build.0 = Debug|x86
		{950AE976-82A8-4308-BFDE-1330966DFBA2}.Release|Any CPU.ActiveCfg = Release|Any CPU
		{950AE976-82A8-4308-BFDE-1330966DFBA2}.Release|Any CPU.Build.0 = Release|Any CPU
		{950AE976-82A8-4308-BFDE-1330966DFBA2}.Release|x64.ActiveCfg = Release|x64
		{950AE976-82A8-4308-BFDE-1330966DFBA2}.Release|x64.Build.0 = Release|x64
		{950AE976-82A8-4308-BFDE-1330966DFBA2}.Release|x86.ActiveCfg = Release|x86
		{950AE976-82A8-4308-BFDE-1330966DFBA2}.Release|x86.Build.0 = Release|x86
		{8DABA7FB-7676-4992-85CE-8FBB64F238E8}.Debug|Any CPU.ActiveCfg = Debug|Any CPU
		{8DABA7FB-7676-4992-85CE-8FBB64F238E8}.Debug|Any CPU.Build.0 = Debug|Any CPU
		{8DABA7FB-7676-4992-85CE-8FBB64F238E8}.Debug|x64.ActiveCfg = Debug|x64
		{8DABA7FB-7676-4992-85CE-8FBB64F238E8}.Debug|x64.Build.0 = Debug|x64
		{8DABA7FB-7676-4992-85CE-8FBB64F238E8}.Debug|x86.ActiveCfg = Debug|x86
		{8DABA7FB-7676-4992-85CE-8FBB64F238E8}.Debug|x86.Build.0 = Debug|x86
		{8DABA7FB-7676-4992-85CE-8FBB64F238E8}.Release|Any CPU.ActiveCfg = Release|Any CPU
		{8DABA7FB-7676-4992-85CE-8FBB64F238E8}.Release|Any CPU.Build.0 = Release|Any CPU
		{8DABA7FB-7676-4992-85CE-8FBB64F238E8}.Release|x64.ActiveCfg = Release|x64
		{8DABA7FB-7676-4992-85CE-8FBB64F238E8}.Release|x64.Build.0 = Release|x64
		{8DABA7FB-7676-4992-85CE-8FBB64F238E8}.Release|x86.ActiveCfg = Release|x86
		{8DABA7FB-7676-4992-85CE-8FBB64F238E8}.Release|x86.Build.0 = Release|x86
		{21A7DDFE-EF96-4EDD-9A29-3E8031A12EA3}.Debug|Any CPU.ActiveCfg = Debug|Any CPU
		{21A7DDFE-EF96-4EDD-9A29-3E8031A12EA3}.Debug|Any CPU.Build.0 = Debug|Any CPU
		{21A7DDFE-EF96-4EDD-9A29-3E8031A12EA3}.Debug|x64.ActiveCfg = Debug|x64
		{21A7DDFE-EF96-4EDD-9A29-3E8031A12EA3}.Debug|x64.Build.0 = Debug|x64
		{21A7DDFE-EF96-4EDD-9A29-3E8031A12EA3}.Debug|x86.ActiveCfg = Debug|x86
		{21A7DDFE-EF96-4EDD-9A29-3E8031A12EA3}.Debug|x86.Build.0 = Debug|x86
		{21A7DDFE-EF96-4EDD-9A29-3E8031A12EA3}.Release|Any CPU.ActiveCfg = Release|Any CPU
		{21A7DDFE-EF96-4EDD-9A29-3E8031A12EA3}.Release|Any CPU.Build.0 = Release|Any CPU
		{21A7DDFE-EF96-4EDD-9A29-3E8031A12EA3}.Release|x64.ActiveCfg = Release|x64
		{21A7DDFE-EF96-4EDD-9A29-3E8031A12EA3}.Release|x64.Build.0 = Release|x64
		{21A7DDFE-EF96-4EDD-9A29-3E8031A12EA3}.Release|x86.ActiveCfg = Release|x86
		{21A7DDFE-EF96-4EDD-9A29-3E8031A12EA3}.Release|x86.Build.0 = Release|x86
		{FAF735C1-2546-4C74-85ED-B64121408A69}.Debug|Any CPU.ActiveCfg = Debug|Any CPU
		{FAF735C1-2546-4C74-85ED-B64121408A69}.Debug|Any CPU.Build.0 = Debug|Any CPU
		{FAF735C1-2546-4C74-85ED-B64121408A69}.Debug|x64.ActiveCfg = Debug|x64
		{FAF735C1-2546-4C74-85ED-B64121408A69}.Debug|x64.Build.0 = Debug|x64
		{FAF735C1-2546-4C74-85ED-B64121408A69}.Debug|x86.ActiveCfg = Debug|x86
		{FAF735C1-2546-4C74-85ED-B64121408A69}.Debug|x86.Build.0 = Debug|x86
		{FAF735C1-2546-4C74-85ED-B64121408A69}.Release|Any CPU.ActiveCfg = Release|Any CPU
		{FAF735C1-2546-4C74-85ED-B64121408A69}.Release|Any CPU.Build.0 = Release|Any CPU
		{FAF735C1-2546-4C74-85ED-B64121408A69}.Release|x64.ActiveCfg = Release|x64
		{FAF735C1-2546-4C74-85ED-B64121408A69}.Release|x64.Build.0 = Release|x64
		{FAF735C1-2546-4C74-85ED-B64121408A69}.Release|x86.ActiveCfg = Release|x86
		{FAF735C1-2546-4C74-85ED-B64121408A69}.Release|x86.Build.0 = Release|x86
		{4DC7B7CE-448C-44EE-922D-5EF3D4726AF6}.Debug|Any CPU.ActiveCfg = Debug|Any CPU
		{4DC7B7CE-448C-44EE-922D-5EF3D4726AF6}.Debug|Any CPU.Build.0 = Debug|Any CPU
		{4DC7B7CE-448C-44EE-922D-5EF3D4726AF6}.Debug|x64.ActiveCfg = Debug|x64
		{4DC7B7CE-448C-44EE-922D-5EF3D4726AF6}.Debug|x64.Build.0 = Debug|x64
		{4DC7B7CE-448C-44EE-922D-5EF3D4726AF6}.Debug|x86.ActiveCfg = Debug|x86
		{4DC7B7CE-448C-44EE-922D-5EF3D4726AF6}.Debug|x86.Build.0 = Debug|x86
		{4DC7B7CE-448C-44EE-922D-5EF3D4726AF6}.Release|Any CPU.ActiveCfg = Release|Any CPU
		{4DC7B7CE-448C-44EE-922D-5EF3D4726AF6}.Release|Any CPU.Build.0 = Release|Any CPU
		{4DC7B7CE-448C-44EE-922D-5EF3D4726AF6}.Release|x64.ActiveCfg = Release|x64
		{4DC7B7CE-448C-44EE-922D-5EF3D4726AF6}.Release|x64.Build.0 = Release|x64
		{4DC7B7CE-448C-44EE-922D-5EF3D4726AF6}.Release|x86.ActiveCfg = Release|x86
		{4DC7B7CE-448C-44EE-922D-5EF3D4726AF6}.Release|x86.Build.0 = Release|x86
	EndGlobalSection
	GlobalSection(NestedProjects) = preSolution
		{E71FCA3A-C195-40E2-9AF5-2319F22C9A24} = {D5BD2180-E5A1-4E30-A756-E8302158340B}
		{FC90295B-2F16-4013-AC52-078F287FCFC7} = {D5BD2180-E5A1-4E30-A756-E8302158340B}
		{950AE976-82A8-4308-BFDE-1330966DFBA2} = {D5BD2180-E5A1-4E30-A756-E8302158340B}
		{8DABA7FB-7676-4992-85CE-8FBB64F238E8} = {FE354059-7179-4C7E-8501-EBE04A661B1A}
		{21A7DDFE-EF96-4EDD-9A29-3E8031A12EA3} = {FE354059-7179-4C7E-8501-EBE04A661B1A}
		{FAF735C1-2546-4C74-85ED-B64121408A69} = {FE354059-7179-4C7E-8501-EBE04A661B1A}
		{4DC7B7CE-448C-44EE-922D-5EF3D4726AF6} = {D5BD2180-E5A1-4E30-A756-E8302158340B}
	EndGlobalSection
EndGlobal
